
Microsoft Visual Studio Solution File, Format Version 12.00
# Visual Studio Version 17
VisualStudioVersion = 17.4.33205.214
MinimumVisualStudioVersion = 10.0.40219.1
Project("{9A19103F-16F7-4668-BE54-9A1E7A4F7556}") = "Qiik", "Qiik\Qiik.csproj", "{4143F9B7-E6C2-4A0C-8A51-8638B9103494}"
EndProject
Project("{9A19103F-16F7-4668-BE54-9A1E7A4F7556}") = "Qiik.ExerciseService", "Qiik.ExerciseService\Qiik.ExerciseService.csproj", "{BDA7E392-8A83-42CA-8784-0A0862651649}"
EndProject
Project("{9A19103F-16F7-4668-BE54-9A1E7A4F7556}") = "Qiik.ExerciseCore", "Qiik.ExerciseCore\Qiik.ExerciseCore.csproj", "{A0B30508-9279-4722-9821-735420A6C3A1}"
EndProject
Global
	GlobalSection(SolutionConfigurationPlatforms) = preSolution
		Debug|Any CPU = Debug|Any CPU
		Release|Any CPU = Release|Any CPU
	EndGlobalSection
	GlobalSection(ProjectConfigurationPlatforms) = postSolution
		{4143F9B7-E6C2-4A0C-8A51-8638B9103494}.Debug|Any CPU.ActiveCfg = Debug|Any CPU
		{4143F9B7-E6C2-4A0C-8A51-8638B9103494}.Debug|Any CPU.Build.0 = Debug|Any CPU
		{4143F9B7-E6C2-4A0C-8A51-8638B9103494}.Release|Any CPU.ActiveCfg = Release|Any CPU
		{4143F9B7-E6C2-4A0C-8A51-8638B9103494}.Release|Any CPU.Build.0 = Release|Any CPU
		{BDA7E392-8A83-42CA-8784-0A0862651649}.Debug|Any CPU.ActiveCfg = Debug|Any CPU
		{BDA7E392-8A83-42CA-8784-0A0862651649}.Debug|Any CPU.Build.0 = Debug|Any CPU
		{BDA7E392-8A83-42CA-8784-0A0862651649}.Release|Any CPU.ActiveCfg = Release|Any CPU
		{BDA7E392-8A83-42CA-8784-0A0862651649}.Release|Any CPU.Build.0 = Release|Any CPU
		{A0B30508-9279-4722-9821-735420A6C3A1}.Debug|Any CPU.ActiveCfg = Debug|Any CPU
		{A0B30508-9279-4722-9821-735420A6C3A1}.Debug|Any CPU.Build.0 = Debug|Any CPU
		{A0B30508-9279-4722-9821-735420A6C3A1}.Release|Any CPU.ActiveCfg = Release|Any CPU
		{A0B30508-9279-4722-9821-735420A6C3A1}.Release|Any CPU.Build.0 = Release|Any CPU
	EndGlobalSection
	GlobalSection(SolutionProperties) = preSolution
		HideSolutionNode = FALSE
	EndGlobalSection
	GlobalSection(ExtensibilityGlobals) = postSolution
		SolutionGuid = {271C59DA-B6D0-4ED2-91F8-25D8E051EEB9}
	EndGlobalSection
EndGlobal
